Microsoft Visual Studio Solution File, Format Version 12.00
# Visual Studio Version 18
VisualStudioVersion = 18.8.12009.203 stable
MinimumVisualStudioVersion = 10.0.40219.1
Project("{8BC9CEB8-8B4A-11D0-8D11-00A0C91BC942}") = "RobotSystem", "RobotSystem\RobotSystem.vcxproj", "{EABF9B7D-2344-46D3-9AB3-64F6E10A4C08}"
EndProject
Project("{8BC9CEB8-8B4A-11D0-8D11-00A0C91BC942}") = "library", "plugins\lib\library\library.vcxproj", "{FC408218-7C26-45A6-8103-04A64F750697}"
EndProject
Project("{8BC9CEB8-8B4A-11D0-8D11-00A0C91BC942}") = "robot_device", "plugins\robot\robot_device\robot_device.vcxproj", "{DF82B80E-15E6-4B4D-B936-60AC59C58500}"
EndProject
Global
	GlobalSection(SolutionConfigurationPlatforms) = preSolution
		Debug|x64 = Debug|x64
		Release|x64 = Release|x64
	EndGlobalSection
	GlobalSection(ProjectConfigurationPlatforms) = postSolution
		{EABF9B7D-2344-46D3-9AB3-64F6E10A4C08}.Debug|x64.ActiveCfg = Debug|x64
		{EABF9B7D-2344-46D3-9AB3-64F6E10A4C08}.Debug|x64.Build.0 = Debug|x64
		{EABF9B7D-2344-46D3-9AB3-64F6E10A4C08}.Release|x64.ActiveCfg = Release|x64
		{EABF9B7D-2344-46D3-9AB3-64F6E10A4C08}.Release|x64.Build.0 = Release|x64
		{FC408218-7C26-45A6-8103-04A64F750697}.Debug|x64.ActiveCfg = Debug|x64
		{FC408218-7C26-45A6-8103-04A64F750697}.Debug|x64.Build.0 = Debug|x64
		{FC408218-7C26-45A6-8103-04A64F750697}.Release|x64.ActiveCfg = Release|x64
		{FC408218-7C26-45A6-8103-04A64F750697}.Release|x64.Build.0 = Release|x64
		{DF82B80E-15E6-4B4D-B936-60AC59C58500}.Debug|x64.ActiveCfg = Debug|x64
		{DF82B80E-15E6-4B4D-B936-60AC59C58500}.Debug|x64.Build.0 = Debug|x64
		{DF82B80E-15E6-4B4D-B936-60AC59C58500}.Release|x64.ActiveCfg = Release|x64
		{DF82B80E-15E6-4B4D-B936-60AC59C58500}.Release|x64.Build.0 = Release|x64
	EndGlobalSection
	GlobalSection(SolutionProperties) = preSolution
		HideSolutionNode = FALSE
	EndGlobalSection
	GlobalSection(ExtensibilityGlobals) = postSolution
		SolutionGuid = {CFD63824-56DD-49BD-8ECB-A2BBF7F32BED}
	EndGlobalSection
EndGlobal
