<?xml version="1.0" encoding="utf-8"?>
<Project ToolsVersion="4.0" xmlns="http://schemas.microsoft.com/developer/msbuild/2003">
  <ItemGroup>
    <Filter Include="src">
      <UniqueIdentifier>{90db5ca6-b1be-40bc-9d86-4db096d2399d}</UniqueIdentifier>
    </Filter>
    <Filter Include="devices">
      <UniqueIdentifier>{2cf8c958-1aa1-4c17-a0db-943795327411}</UniqueIdentifier>
    </Filter>
  </ItemGroup>
  <ItemGroup>
    <ClCompile Include="src\robot_device.cpp">
      <Filter>src</Filter>
    </ClCompile>
    <ClCompile Include="src\robot_settings.cpp">
      <Filter>src</Filter>
    </ClCompile>
    <ClCompile Include="src\robot_error.cpp">
      <Filter>src</Filter>
    </ClCompile>
    <ClCompile Include="..\..\lib\drivers\src\beckhoff_driver.cpp" />
  </ItemGroup>
  <ItemGroup>
    <ClInclude Include="..\..\..\include\include\beckhoff_snapshot.hpp">
      <Filter>devices</Filter>
    </ClInclude>
    <ClInclude Include="..\..\lib\drivers\src\Device.hpp">
      <Filter>devices</Filter>
    </ClInclude>
    <ClInclude Include="..\..\lib\drivers\src\beckhoff_driver.hpp" />
  </ItemGroup>
</Project>
