<?xml version="1.0" encoding="utf-8"?>
<Project ToolsVersion="4.0" xmlns="http://schemas.microsoft.com/developer/msbuild/2003">
  <ItemGroup>
    <Filter Include="header">
      <UniqueIdentifier>{93995380-89BD-4b04-88EB-625FBE52EBFB}</UniqueIdentifier>
      <Extensions>h;hh;hpp;hxx;h++;hm;inl;inc;ipp;xsd</Extensions>
    </Filter>
    <Filter Include="src">
      <UniqueIdentifier>{4FC737F1-C7A5-4376-A066-2A32D752A2FF}</UniqueIdentifier>
      <Extensions>cpp;c;cc;cxx;c++;cppm;ixx;def;odl;idl;hpj;bat;asm;asmx</Extensions>
    </Filter>
    <Filter Include="codec">
      <UniqueIdentifier>{67DA6AB6-F800-4c08-8B7A-83BB121AAD01}</UniqueIdentifier>
      <Extensions>rc;ico;cur;bmp;dlg;rc2;rct;bin;rgs;gif;jpg;jpeg;jpe;resx;tiff;tif;png;wav;mfcribbon-ms</Extensions>
    </Filter>
    <Filter Include="nvcodec">
      <UniqueIdentifier>{f0bda199-cd2f-4a54-8bb0-04cb7aaf4370}</UniqueIdentifier>
    </Filter>
  </ItemGroup>
  <ItemGroup>
    <ClCompile Include="..\codec\3rdparty\nvcodec\src\NvDecoder.cpp">
      <Filter>nvcodec</Filter>
    </ClCompile>
    <ClCompile Include="..\codec\3rdparty\nvcodec\src\NvEncoder.cpp">
      <Filter>nvcodec</Filter>
    </ClCompile>
    <ClCompile Include="..\codec\3rdparty\nvcodec\src\NvEncoderCuda.cpp">
      <Filter>nvcodec</Filter>
    </ClCompile>
    <ClCompile Include="..\codec\src\decoder.cpp">
      <Filter>codec</Filter>
    </ClCompile>
    <ClCompile Include="..\codec\src\encoder.cpp">
      <Filter>codec</Filter>
    </ClCompile>
    <ClCompile Include="..\codec\src\nvidia_decoder.cpp">
      <Filter>codec</Filter>
    </ClCompile>
    <ClCompile Include="..\codec\src\nvidia_encoder.cpp">
      <Filter>codec</Filter>
    </ClCompile>
    <ClCompile Include="..\codec\src\opencv_decoder_cuda.cpp">
      <Filter>codec</Filter>
    </ClCompile>
    <ClCompile Include="..\codec\src\opencv_encoder_cuda.cpp">
      <Filter>codec</Filter>
    </ClCompile>
    <ClCompile Include="..\codec\src\videolist.cpp">
      <Filter>codec</Filter>
    </ClCompile>
    <ClCompile Include="src\remote.client.cpp">
      <Filter>src</Filter>
    </ClCompile>
    <ClCompile Include="src\remote.server.cpp">
      <Filter>src</Filter>
    </ClCompile>
  </ItemGroup>
  <ItemGroup>
    <ClInclude Include="include\remote.client.h">
      <Filter>header</Filter>
    </ClInclude>
    <ClInclude Include="include\remote.server.h">
      <Filter>header</Filter>
    </ClInclude>
  </ItemGroup>
  <ItemGroup>
    <CudaCompile Include="..\codec\3rdparty\nvcodec\src\depth_convert.cu">
      <Filter>nvcodec</Filter>
    </CudaCompile>
    <CudaCompile Include="..\codec\3rdparty\nvcodec\src\ColorSpace.cu">
      <Filter>nvcodec</Filter>
    </CudaCompile>
    <CudaCompile Include="..\codec\3rdparty\nvcodec\src\Resize.cu">
      <Filter>nvcodec</Filter>
    </CudaCompile>
  </ItemGroup>
</Project>